
Microsoft Visual Studio Solution File, Format Version 12.00
Project("{FAE04EC0-301F-11D3-BF4B-00C04F79EFBC}") = "back-app-sr.WebApi", "back-app-sr.WebApi\back-app-sr.WebApi.csproj", "{4CCFFBB0-CB48-4F7D-9783-29E9125B4CEE}"
EndProject
Project("{FAE04EC0-301F-11D3-BF4B-00C04F79EFBC}") = "back-app-sr-Application", "back-app-sr-Application\back-app-sr-Application.csproj", "{F93D3DD9-45BD-4A9F-94D5-C484BB8CE9D7}"
EndProject
Project("{FAE04EC0-301F-11D3-BF4B-00C04F79EFBC}") = "back-app-sr.Domain", "back-app-sr.Domain\back-app-sr.Domain.csproj", "{0A2AFC72-763A-4E72-9909-5D87B3C8A02A}"
EndProject
Project("{FAE04EC0-301F-11D3-BF4B-00C04F79EFBC}") = "back-app-sr.Infra", "back-app-sr.Infra\back-app-sr.Infra.csproj", "{3975B713-02F8-48D4-BCDC-9A4CFECD5B40}"
EndProject
Project("{FAE04EC0-301F-11D3-BF4B-00C04F79EFBC}") = "back-app-sr.Tests", "back-app-sr.Tests\back-app-sr.Tests.csproj", "{9FFA09C8-EB84-450B-B76F-E24DB6486E85}"
EndProject
Global
	GlobalSection(SolutionConfigurationPlatforms) = preSolution
		Debug|Any CPU = Debug|Any CPU
		Release|Any CPU = Release|Any CPU
	EndGlobalSection
	GlobalSection(ProjectConfigurationPlatforms) = postSolution
		{4CCFFBB0-CB48-4F7D-9783-29E9125B4CEE}.Debug|Any CPU.ActiveCfg = Debug|Any CPU
		{4CCFFBB0-CB48-4F7D-9783-29E9125B4CEE}.Debug|Any CPU.Build.0 = Debug|Any CPU
		{4CCFFBB0-CB48-4F7D-9783-29E9125B4CEE}.Release|Any CPU.ActiveCfg = Release|Any CPU
		{4CCFFBB0-CB48-4F7D-9783-29E9125B4CEE}.Release|Any CPU.Build.0 = Release|Any CPU
		{F93D3DD9-45BD-4A9F-94D5-C484BB8CE9D7}.Debug|Any CPU.ActiveCfg = Debug|Any CPU
		{F93D3DD9-45BD-4A9F-94D5-C484BB8CE9D7}.Debug|Any CPU.Build.0 = Debug|Any CPU
		{F93D3DD9-45BD-4A9F-94D5-C484BB8CE9D7}.Release|Any CPU.ActiveCfg = Release|Any CPU
		{F93D3DD9-45BD-4A9F-94D5-C484BB8CE9D7}.Release|Any CPU.Build.0 = Release|Any CPU
		{0A2AFC72-763A-4E72-9909-5D87B3C8A02A}.Debug|Any CPU.ActiveCfg = Debug|Any CPU
		{0A2AFC72-763A-4E72-9909-5D87B3C8A02A}.Debug|Any CPU.Build.0 = Debug|Any CPU
		{0A2AFC72-763A-4E72-9909-5D87B3C8A02A}.Release|Any CPU.ActiveCfg = Release|Any CPU
		{0A2AFC72-763A-4E72-9909-5D87B3C8A02A}.Release|Any CPU.Build.0 = Release|Any CPU
		{3975B713-02F8-48D4-BCDC-9A4CFECD5B40}.Debug|Any CPU.ActiveCfg = Debug|Any CPU
		{3975B713-02F8-48D4-BCDC-9A4CFECD5B40}.Debug|Any CPU.Build.0 = Debug|Any CPU
		{3975B713-02F8-48D4-BCDC-9A4CFECD5B40}.Release|Any CPU.ActiveCfg = Release|Any CPU
		{3975B713-02F8-48D4-BCDC-9A4CFECD5B40}.Release|Any CPU.Build.0 = Release|Any CPU
		{9FFA09C8-EB84-450B-B76F-E24DB6486E85}.Debug|Any CPU.ActiveCfg = Debug|Any CPU
		{9FFA09C8-EB84-450B-B76F-E24DB6486E85}.Debug|Any CPU.Build.0 = Debug|Any CPU
		{9FFA09C8-EB84-450B-B76F-E24DB6486E85}.Release|Any CPU.ActiveCfg = Release|Any CPU
		{9FFA09C8-EB84-450B-B76F-E24DB6486E85}.Release|Any CPU.Build.0 = Release|Any CPU
	EndGlobalSection
EndGlobal
